// !$*UTF8*$!
{
	archiveVersion = 1;
	classes = {
	};
	objectVersion = 56;
	objects = {

/* Begin PBXBuildFile section */
		4F2D89CA2C91B92000E6464B /* Tracker.xcdatamodeld in Sources */ = {isa = PBXBuildFile; fileRef = 4F2D89C82C91B92000E6464B /* Tracker.xcdatamodeld */; };
		4F4D4C0C2C90B0E900FF7A71 /* NewCategoryViewController.swift in Sources */ = {isa = PBXBuildFile; fileRef = 4F4D4C0B2C90B0E900FF7A71 /* NewCategoryViewController.swift */; };
		4F4D4C0E2C90B0FD00FF7A71 /* CategoryViewController.swift in Sources */ = {isa = PBXBuildFile; fileRef = 4F4D4C0D2C90B0FD00FF7A71 /* CategoryViewController.swift */; };
		4F4D4C122C90B1FB00FF7A71 /* WeekDaySender.swift in Sources */ = {isa = PBXBuildFile; fileRef = 4F4D4C112C90B1FB00FF7A71 /* WeekDaySender.swift */; };
		4F4D4C162C918C4100FF7A71 /* Week.swift in Sources */ = {isa = PBXBuildFile; fileRef = 4F4D4C152C918C4100FF7A71 /* Week.swift */; };
		4F677A0B2C9AFB770089A340 /* OnboardingPageViewController.swift in Sources */ = {isa = PBXBuildFile; fileRef = 4F677A0A2C9AFB750089A340 /* OnboardingPageViewController.swift */; };
		4F677A0D2C9AFB910089A340 /* OnboardingViewController.swift in Sources */ = {isa = PBXBuildFile; fileRef = 4F677A0C2C9AFB8E0089A340 /* OnboardingViewController.swift */; };
		4F677A0F2C9AFC330089A340 /* CategoryViewModel.swift in Sources */ = {isa = PBXBuildFile; fileRef = 4F677A0E2C9AFC200089A340 /* CategoryViewModel.swift */; };
		4F677A172C9B0F720089A340 /* CategoryTableViewCell.swift in Sources */ = {isa = PBXBuildFile; fileRef = 4F677A162C9B0F5F0089A340 /* CategoryTableViewCell.swift */; };
		4F677A5D2C9FEF570089A340 /* Localizable.strings in Resources */ = {isa = PBXBuildFile; fileRef = 4F677A5B2C9FEF570089A340 /* Localizable.strings */; };
		4F677A612C9FF0BB0089A340 /* NSLocalizedString.swift in Sources */ = {isa = PBXBuildFile; fileRef = 4F677A602C9FF0AD0089A340 /* NSLocalizedString.swift */; };
		4F677A642C9FF0DB0089A340 /* Localizable.stringsdict in Resources */ = {isa = PBXBuildFile; fileRef = 4F677A622C9FF0DB0089A340 /* Localizable.stringsdict */; };
		4F72614C2C48040D004594B6 /* ColorCell.swift in Sources */ = {isa = PBXBuildFile; fileRef = 4F72614B2C48040D004594B6 /* ColorCell.swift */; };
		4F72614E2C48042F004594B6 /* CreateNewIrregularEventViewController.swift in Sources */ = {isa = PBXBuildFile; fileRef = 4F72614D2C48042F004594B6 /* CreateNewIrregularEventViewController.swift */; };
		4F7261502C480487004594B6 /* Tracker.swift in Sources */ = {isa = PBXBuildFile; fileRef = 4F72614F2C480487004594B6 /* Tracker.swift */; };
		4F7261522C4804A5004594B6 /* TrackerRecord.swift in Sources */ = {isa = PBXBuildFile; fileRef = 4F7261512C4804A5004594B6 /* TrackerRecord.swift */; };
		4F7261542C4804DE004594B6 /* TrackerCategory.swift in Sources */ = {isa = PBXBuildFile; fileRef = 4F7261532C4804DE004594B6 /* TrackerCategory.swift */; };
		4F7261562C4804F5004594B6 /* CreateNewTrackerViewController.swift in Sources */ = {isa = PBXBuildFile; fileRef = 4F7261552C4804F5004594B6 /* CreateNewTrackerViewController.swift */; };
		4F72615A2C480522004594B6 /* ScheduleViewController.swift in Sources */ = {isa = PBXBuildFile; fileRef = 4F7261592C480522004594B6 /* ScheduleViewController.swift */; };
		4F72615C2C480541004594B6 /* NewHabitViewController.swift in Sources */ = {isa = PBXBuildFile; fileRef = 4F72615B2C480541004594B6 /* NewHabitViewController.swift */; };
		4F72615E2C480559004594B6 /* StatsViewController.swift in Sources */ = {isa = PBXBuildFile; fileRef = 4F72615D2C480559004594B6 /* StatsViewController.swift */; };
		4F7261602C48059D004594B6 /* TrackerViewController.swift in Sources */ = {isa = PBXBuildFile; fileRef = 4F72615F2C48059D004594B6 /* TrackerViewController.swift */; };
		4F7261642C4805B9004594B6 /* TrackerCollectionViewCell.swift in Sources */ = {isa = PBXBuildFile; fileRef = 4F7261632C4805B9004594B6 /* TrackerCollectionViewCell.swift */; };
		4F7261662C4805CB004594B6 /* TrackersHeaderView.swift in Sources */ = {isa = PBXBuildFile; fileRef = 4F7261652C4805CB004594B6 /* TrackersHeaderView.swift */; };
		4F72616B2C482FA8004594B6 /* TabBarViewController.swift in Sources */ = {isa = PBXBuildFile; fileRef = 4F72616A2C482FA8004594B6 /* TabBarViewController.swift */; };
		4F76479B2C82FD4100E77313 /* DaysValueTransformer.swift in Sources */ = {isa = PBXBuildFile; fileRef = 4F76479A2C82FD4100E77313 /* DaysValueTransformer.swift */; };
		4F76479D2C82FD6800E77313 /* UIColorMarshalling.swift in Sources */ = {isa = PBXBuildFile; fileRef = 4F76479C2C82FD6800E77313 /* UIColorMarshalling.swift */; };
		4F76479F2C82FD7D00E77313 /* TrackerStore.swift in Sources */ = {isa = PBXBuildFile; fileRef = 4F76479E2C82FD7D00E77313 /* TrackerStore.swift */; };
		4F7647A12C82FD9A00E77313 /* TrackerCategoryStore.swift in Sources */ = {isa = PBXBuildFile; fileRef = 4F7647A02C82FD9A00E77313 /* TrackerCategoryStore.swift */; };
		4F7647A32C82FDAF00E77313 /* TrackerRecordStore.swift in Sources */ = {isa = PBXBuildFile; fileRef = 4F7647A22C82FDAF00E77313 /* TrackerRecordStore.swift */; };
		4FDF8E872C304D2E00897652 /* YS Display-Medium.ttf in Resources */ = {isa = PBXBuildFile; fileRef = 4FDF8E862C304D2E00897652 /* YS Display-Medium.ttf */; };
		4FDF8E892C304F2E00897652 /* YS Display-Bold.ttf in Resources */ = {isa = PBXBuildFile; fileRef = 4FDF8E882C304F2E00897652 /* YS Display-Bold.ttf */; };
		4FE37B072C2EFDC70080C748 /* AppDelegate.swift in Sources */ = {isa = PBXBuildFile; fileRef = 4FE37B062C2EFDC70080C748 /* AppDelegate.swift */; };
		4FE37B092C2EFDC70080C748 /* SceneDelegate.swift in Sources */ = {isa = PBXBuildFile; fileRef = 4FE37B082C2EFDC70080C748 /* SceneDelegate.swift */; };
		4FE37B102C2EFDC80080C748 /* Assets.xcassets in Resources */ = {isa = PBXBuildFile; fileRef = 4FE37B0F2C2EFDC80080C748 /* Assets.xcassets */; };
		4FE37B132C2EFDC80080C748 /* Base in Resources */ = {isa = PBXBuildFile; fileRef = 4FE37B122C2EFDC80080C748 /* Base */; };
		4FE37B1E2C2EFDC80080C748 /* TrackerTests.swift in Sources */ = {isa = PBXBuildFile; fileRef = 4FE37B1D2C2EFDC80080C748 /* TrackerTests.swift */; };
		4FE37B282C2EFDC80080C748 /* TrackerUITests.swift in Sources */ = {isa = PBXBuildFile; fileRef = 4FE37B272C2EFDC80080C748 /* TrackerUITests.swift */; };
		4FE37B2A2C2EFDC80080C748 /* TrackerUITestsLaunchTests.swift in Sources */ = {isa = PBXBuildFile; fileRef = 4FE37B292C2EFDC80080C748 /* TrackerUITestsLaunchTests.swift */; };
/* End PBXBuildFile section */

/* Begin PBXContainerItemProxy section */
		4FE37B1A2C2EFDC80080C748 /* PBXContainerItemProxy */ = {
			isa = PBXContainerItemProxy;
			containerPortal = 4FE37AFB2C2EFDC70080C748 /* Project object */;
			proxyType = 1;
			remoteGlobalIDString = 4FE37B022C2EFDC70080C748;
			remoteInfo = Tracker;
		};
		4FE37B242C2EFDC80080C748 /* PBXContainerItemProxy */ = {
			isa = PBXContainerItemProxy;
			containerPortal = 4FE37AFB2C2EFDC70080C748 /* Project object */;
			proxyType = 1;
			remoteGlobalIDString = 4FE37B022C2EFDC70080C748;
			remoteInfo = Tracker;
		};
/* End PBXContainerItemProxy section */

/* Begin PBXFileReference section */
		4F2D89C92C91B92000E6464B /* Model.xcdatamodel */ = {isa = PBXFileReference; lastKnownFileType = wrapper.xcdatamodel; path = Model.xcdatamodel; sourceTree = "<group>"; };
		4F4D4C0B2C90B0E900FF7A71 /* NewCategoryViewController.swift */ = {isa = PBXFileReference; lastKnownFileType = sourcecode.swift; path = NewCategoryViewController.swift; sourceTree = "<group>"; };
		4F4D4C0D2C90B0FD00FF7A71 /* CategoryViewController.swift */ = {isa = PBXFileReference; lastKnownFileType = sourcecode.swift; path = CategoryViewController.swift; sourceTree = "<group>"; };
		4F4D4C112C90B1FB00FF7A71 /* WeekDaySender.swift */ = {isa = PBXFileReference; lastKnownFileType = sourcecode.swift; path = WeekDaySender.swift; sourceTree = "<group>"; };
		4F4D4C152C918C4100FF7A71 /* Week.swift */ = {isa = PBXFileReference; lastKnownFileType = sourcecode.swift; path = Week.swift; sourceTree = "<group>"; };
		4F677A0A2C9AFB750089A340 /* OnboardingPageViewController.swift */ = {isa = PBXFileReference; lastKnownFileType = sourcecode.swift; path = OnboardingPageViewController.swift; sourceTree = "<group>"; };
		4F677A0C2C9AFB8E0089A340 /* OnboardingViewController.swift */ = {isa = PBXFileReference; lastKnownFileType = sourcecode.swift; path = OnboardingViewController.swift; sourceTree = "<group>"; };
		4F677A0E2C9AFC200089A340 /* CategoryViewModel.swift */ = {isa = PBXFileReference; lastKnownFileType = sourcecode.swift; path = CategoryViewModel.swift; sourceTree = "<group>"; };
		4F677A142C9B09030089A340 /* Info.plist */ = {isa = PBXFileReference; lastKnownFileType = text.plist.xml; path = Info.plist; sourceTree = "<group>"; };
		4F677A162C9B0F5F0089A340 /* CategoryTableViewCell.swift */ = {isa = PBXFileReference; lastKnownFileType = sourcecode.swift; path = CategoryTableViewCell.swift; sourceTree = "<group>"; };
		4F677A5C2C9FEF570089A340 /* en */ = {isa = PBXFileReference; lastKnownFileType = text.plist.strings; name = en; path = en.lproj/Localizable.strings; sourceTree = "<group>"; };
		4F677A5F2C9FF0230089A340 /* ru */ = {isa = PBXFileReference; lastKnownFileType = text.plist.strings; name = ru; path = ru.lproj/Localizable.strings; sourceTree = "<group>"; };
		4F677A602C9FF0AD0089A340 /* NSLocalizedString.swift */ = {isa = PBXFileReference; lastKnownFileType = sourcecode.swift; path = NSLocalizedString.swift; sourceTree = "<group>"; };
		4F677A632C9FF0DB0089A340 /* en */ = {isa = PBXFileReference; lastKnownFileType = text.plist.stringsdict; name = en; path = en.lproj/Localizable.stringsdict; sourceTree = "<group>"; };
		4F677A652C9FF0E10089A340 /* ru */ = {isa = PBXFileReference; lastKnownFileType = text.plist.stringsdict; name = ru; path = ru.lproj/Localizable.stringsdict; sourceTree = "<group>"; };
		4F72614B2C48040D004594B6 /* ColorCell.swift */ = {isa = PBXFileReference; lastKnownFileType = sourcecode.swift; path = ColorCell.swift; sourceTree = "<group>"; };
		4F72614D2C48042F004594B6 /* CreateNewIrregularEventViewController.swift */ = {isa = PBXFileReference; lastKnownFileType = sourcecode.swift; path = CreateNewIrregularEventViewController.swift; sourceTree = "<group>"; };
		4F72614F2C480487004594B6 /* Tracker.swift */ = {isa = PBXFileReference; lastKnownFileType = sourcecode.swift; path = Tracker.swift; sourceTree = "<group>"; };
		4F7261512C4804A5004594B6 /* TrackerRecord.swift */ = {isa = PBXFileReference; lastKnownFileType = sourcecode.swift; path = TrackerRecord.swift; sourceTree = "<group>"; };
		4F7261532C4804DE004594B6 /* TrackerCategory.swift */ = {isa = PBXFileReference; lastKnownFileType = sourcecode.swift; path = TrackerCategory.swift; sourceTree = "<group>"; };
		4F7261552C4804F5004594B6 /* CreateNewTrackerViewController.swift */ = {isa = PBXFileReference; lastKnownFileType = sourcecode.swift; path = CreateNewTrackerViewController.swift; sourceTree = "<group>"; };
		4F7261592C480522004594B6 /* ScheduleViewController.swift */ = {isa = PBXFileReference; lastKnownFileType = sourcecode.swift; path = ScheduleViewController.swift; sourceTree = "<group>"; };
		4F72615B2C480541004594B6 /* NewHabitViewController.swift */ = {isa = PBXFileReference; lastKnownFileType = sourcecode.swift; path = NewHabitViewController.swift; sourceTree = "<group>"; };
		4F72615D2C480559004594B6 /* StatsViewController.swift */ = {isa = PBXFileReference; lastKnownFileType = sourcecode.swift; path = StatsViewController.swift; sourceTree = "<group>"; };
		4F72615F2C48059D004594B6 /* TrackerViewController.swift */ = {isa = PBXFileReference; lastKnownFileType = sourcecode.swift; path = TrackerViewController.swift; sourceTree = "<group>"; };
		4F7261632C4805B9004594B6 /* TrackerCollectionViewCell.swift */ = {isa = PBXFileReference; lastKnownFileType = sourcecode.swift; path = TrackerCollectionViewCell.swift; sourceTree = "<group>"; };
		4F7261652C4805CB004594B6 /* TrackersHeaderView.swift */ = {isa = PBXFileReference; lastKnownFileType = sourcecode.swift; path = TrackersHeaderView.swift; sourceTree = "<group>"; };
		4F72616A2C482FA8004594B6 /* TabBarViewController.swift */ = {isa = PBXFileReference; lastKnownFileType = sourcecode.swift; path = TabBarViewController.swift; sourceTree = "<group>"; };
		4F76479A2C82FD4100E77313 /* DaysValueTransformer.swift */ = {isa = PBXFileReference; lastKnownFileType = sourcecode.swift; path = DaysValueTransformer.swift; sourceTree = "<group>"; };
		4F76479C2C82FD6800E77313 /* UIColorMarshalling.swift */ = {isa = PBXFileReference; lastKnownFileType = sourcecode.swift; path = UIColorMarshalling.swift; sourceTree = "<group>"; };
		4F76479E2C82FD7D00E77313 /* TrackerStore.swift */ = {isa = PBXFileReference; lastKnownFileType = sourcecode.swift; path = TrackerStore.swift; sourceTree = "<group>"; };
		4F7647A02C82FD9A00E77313 /* TrackerCategoryStore.swift */ = {isa = PBXFileReference; lastKnownFileType = sourcecode.swift; path = TrackerCategoryStore.swift; sourceTree = "<group>"; };
		4F7647A22C82FDAF00E77313 /* TrackerRecordStore.swift */ = {isa = PBXFileReference; lastKnownFileType = sourcecode.swift; path = TrackerRecordStore.swift; sourceTree = "<group>"; };
		4FDF8E862C304D2E00897652 /* YS Display-Medium.ttf */ = {isa = PBXFileReference; lastKnownFileType = file; path = "YS Display-Medium.ttf"; sourceTree = "<group>"; };
		4FDF8E882C304F2E00897652 /* YS Display-Bold.ttf */ = {isa = PBXFileReference; lastKnownFileType = file; path = "YS Display-Bold.ttf"; sourceTree = "<group>"; };
		4FE37B032C2EFDC70080C748 /* Tracker.app */ = {isa = PBXFileReference; explicitFileType = wrapper.application; includeInIndex = 0; path = Tracker.app; sourceTree = BUILT_PRODUCTS_DIR; };
		4FE37B062C2EFDC70080C748 /* AppDelegate.swift */ = {isa = PBXFileReference; lastKnownFileType = sourcecode.swift; path = AppDelegate.swift; sourceTree = "<group>"; };
		4FE37B082C2EFDC70080C748 /* SceneDelegate.swift */ = {isa = PBXFileReference; lastKnownFileType = sourcecode.swift; path = SceneDelegate.swift; sourceTree = "<group>"; };
		4FE37B0F2C2EFDC80080C748 /* Assets.xcassets */ = {isa = PBXFileReference; lastKnownFileType = folder.assetcatalog; path = Assets.xcassets; sourceTree = "<group>"; };
		4FE37B122C2EFDC80080C748 /* Base */ = {isa = PBXFileReference; lastKnownFileType = file.storyboard; name = Base; path = Base.lproj/LaunchScreen.storyboard; sourceTree = "<group>"; };
		4FE37B192C2EFDC80080C748 /* TrackerTests.xctest */ = {isa = PBXFileReference; explicitFileType = wrapper.cfbundle; includeInIndex = 0; path = TrackerTests.xctest; sourceTree = BUILT_PRODUCTS_DIR; };
		4FE37B1D2C2EFDC80080C748 /* TrackerTests.swift */ = {isa = PBXFileReference; lastKnownFileType = sourcecode.swift; path = TrackerTests.swift; sourceTree = "<group>"; };
		4FE37B232C2EFDC80080C748 /* TrackerUITests.xctest */ = {isa = PBXFileReference; explicitFileType = wrapper.cfbundle; includeInIndex = 0; path = TrackerUITests.xctest; sourceTree = BUILT_PRODUCTS_DIR; };
		4FE37B272C2EFDC80080C748 /* TrackerUITests.swift */ = {isa = PBXFileReference; lastKnownFileType = sourcecode.swift; path = TrackerUITests.swift; sourceTree = "<group>"; };
		4FE37B292C2EFDC80080C748 /* TrackerUITestsLaunchTests.swift */ = {isa = PBXFileReference; lastKnownFileType = sourcecode.swift; path = TrackerUITestsLaunchTests.swift; sourceTree = "<group>"; };
/* End PBXFileReference section */

/* Begin PBXFrameworksBuildPhase section */
		4FE37B002C2EFDC70080C748 /* Frameworks */ = {
			isa = PBXFrameworksBuildPhase;
			buildActionMask = 2147483647;
			files = (
			);
			runOnlyForDeploymentPostprocessing = 0;
		};
		4FE37B162C2EFDC80080C748 /* Frameworks */ = {
			isa = PBXFrameworksBuildPhase;
			buildActionMask = 2147483647;
			files = (
			);
			runOnlyForDeploymentPostprocessing = 0;
		};
		4FE37B202C2EFDC80080C748 /* Frameworks */ = {
			isa = PBXFrameworksBuildPhase;
			buildActionMask = 2147483647;
			files = (
			);
			runOnlyForDeploymentPostprocessing = 0;
		};
/* End PBXFrameworksBuildPhase section */

/* Begin PBXGroup section */
		4F4D4C072C90AE2800FF7A71 /* CategoryViewController */ = {
			isa = PBXGroup;
			children = (
				4F4D4C0D2C90B0FD00FF7A71 /* CategoryViewController.swift */,
				4F4D4C0B2C90B0E900FF7A71 /* NewCategoryViewController.swift */,
				4F677A0E2C9AFC200089A340 /* CategoryViewModel.swift */,
			);
			path = CategoryViewController;
			sourceTree = "<group>";
		};
		4F4D4C082C90AE9000FF7A71 /* ScheduleViewController */ = {
			isa = PBXGroup;
			children = (
				4F7261592C480522004594B6 /* ScheduleViewController.swift */,
			);
			path = ScheduleViewController;
			sourceTree = "<group>";
		};
		4F677A082C999D2B0089A340 /* Tracker */ = {
			isa = PBXGroup;
			children = (
				4F677A5E2C9FEF770089A340 /* Localizable */,
				4F677A092C99BBB00089A340 /* Onboarding */,
				4F74A5DE2C9099F3002D37B0 /* TabBarController */,
				4F7261452C480350004594B6 /* StatsViewController */,
				4F7261462C48035D004594B6 /* CreateNewHabit */,
				4F7261492C4803A8004594B6 /* CreateNewEvent */,
				4F7261472C480389004594B6 /* CreateNewTracker */,
				4F7261442C48033E004594B6 /* TrackerViewController */,
				4F4D4C072C90AE2800FF7A71 /* CategoryViewController */,
				4F4D4C082C90AE9000FF7A71 /* ScheduleViewController */,
				4F7261482C48039A004594B6 /* TrackerModels */,
				4F7647992C82FD1A00E77313 /* CoreData */,
				4FCA65BA2C8364DA009DCCB8 /* TrackerThings */,
				4F677A142C9B09030089A340 /* Info.plist */,
			);
			path = Tracker;
			sourceTree = "<group>";
		};
		4F677A092C99BBB00089A340 /* Onboarding */ = {
			isa = PBXGroup;
			children = (
				4F677A0C2C9AFB8E0089A340 /* OnboardingViewController.swift */,
				4F677A0A2C9AFB750089A340 /* OnboardingPageViewController.swift */,
			);
			path = Onboarding;
			sourceTree = "<group>";
		};
		4F677A5E2C9FEF770089A340 /* Localizable */ = {
			isa = PBXGroup;
			children = (
				4F677A5B2C9FEF570089A340 /* Localizable.strings */,
				4F677A622C9FF0DB0089A340 /* Localizable.stringsdict */,
				4F677A602C9FF0AD0089A340 /* NSLocalizedString.swift */,
			);
			path = Localizable;
			sourceTree = "<group>";
		};
		4F7261442C48033E004594B6 /* TrackerViewController */ = {
			isa = PBXGroup;
			children = (
				4F7261632C4805B9004594B6 /* TrackerCollectionViewCell.swift */,
				4F7261652C4805CB004594B6 /* TrackersHeaderView.swift */,
				4F72615F2C48059D004594B6 /* TrackerViewController.swift */,
			);
			path = TrackerViewController;
			sourceTree = "<group>";
		};
		4F7261452C480350004594B6 /* StatsViewController */ = {
			isa = PBXGroup;
			children = (
				4F72615D2C480559004594B6 /* StatsViewController.swift */,
			);
			path = StatsViewController;
			sourceTree = "<group>";
		};
		4F7261462C48035D004594B6 /* CreateNewHabit */ = {
			isa = PBXGroup;
			children = (
				4F72615B2C480541004594B6 /* NewHabitViewController.swift */,
			);
			path = CreateNewHabit;
			sourceTree = "<group>";
		};
		4F7261472C480389004594B6 /* CreateNewTracker */ = {
			isa = PBXGroup;
			children = (
				4F7261552C4804F5004594B6 /* CreateNewTrackerViewController.swift */,
			);
			path = CreateNewTracker;
			sourceTree = "<group>";
		};
		4F7261482C48039A004594B6 /* TrackerModels */ = {
			isa = PBXGroup;
			children = (
				4F72614F2C480487004594B6 /* Tracker.swift */,
				4F7261532C4804DE004594B6 /* TrackerCategory.swift */,
				4F7261512C4804A5004594B6 /* TrackerRecord.swift */,
				4F4D4C112C90B1FB00FF7A71 /* WeekDaySender.swift */,
				4F72614B2C48040D004594B6 /* ColorCell.swift */,
				4F4D4C152C918C4100FF7A71 /* Week.swift */,
				4F677A162C9B0F5F0089A340 /* CategoryTableViewCell.swift */,
			);
			path = TrackerModels;
			sourceTree = "<group>";
		};
		4F7261492C4803A8004594B6 /* CreateNewEvent */ = {
			isa = PBXGroup;
			children = (
				4F72614D2C48042F004594B6 /* CreateNewIrregularEventViewController.swift */,
			);
			path = CreateNewEvent;
			sourceTree = "<group>";
		};
		4F74A5DE2C9099F3002D37B0 /* TabBarController */ = {
			isa = PBXGroup;
			children = (
				4F72616A2C482FA8004594B6 /* TabBarViewController.swift */,
			);
			path = TabBarController;
			sourceTree = "<group>";
		};
		4F7647992C82FD1A00E77313 /* CoreData */ = {
			isa = PBXGroup;
			children = (
				4F76479A2C82FD4100E77313 /* DaysValueTransformer.swift */,
				4F7647A02C82FD9A00E77313 /* TrackerCategoryStore.swift */,
				4F7647A22C82FDAF00E77313 /* TrackerRecordStore.swift */,
				4F76479E2C82FD7D00E77313 /* TrackerStore.swift */,
				4F76479C2C82FD6800E77313 /* UIColorMarshalling.swift */,
			);
			path = CoreData;
			sourceTree = "<group>";
		};
		4FCA65BA2C8364DA009DCCB8 /* TrackerThings */ = {
			isa = PBXGroup;
			children = (
				4FE37B062C2EFDC70080C748 /* AppDelegate.swift */,
				4FE37B082C2EFDC70080C748 /* SceneDelegate.swift */,
				4FE37B0F2C2EFDC80080C748 /* Assets.xcassets */,
				4FE37B112C2EFDC80080C748 /* LaunchScreen.storyboard */,
				4F2D89C82C91B92000E6464B /* Tracker.xcdatamodeld */,
			);
			path = TrackerThings;
			sourceTree = "<group>";
		};
		4FE37AFA2C2EFDC70080C748 = {
			isa = PBXGroup;
			children = (
				4F677A082C999D2B0089A340 /* Tracker */,
				4FE37B1C2C2EFDC80080C748 /* TrackerTests */,
				4FE37B262C2EFDC80080C748 /* TrackerUITests */,
				4FE37B042C2EFDC70080C748 /* Products */,
			);
			sourceTree = "<group>";
		};
		4FE37B042C2EFDC70080C748 /* Products */ = {
			isa = PBXGroup;
			children = (
				4FE37B032C2EFDC70080C748 /* Tracker.app */,
				4FE37B192C2EFDC80080C748 /* TrackerTests.xctest */,
				4FE37B232C2EFDC80080C748 /* TrackerUITests.xctest */,
			);
			name = Products;
			sourceTree = "<group>";
		};
		4FE37B1C2C2EFDC80080C748 /* TrackerTests */ = {
			isa = PBXGroup;
			children = (
				4FE37B1D2C2EFDC80080C748 /* TrackerTests.swift */,
			);
			path = TrackerTests;
			sourceTree = "<group>";
		};
		4FE37B262C2EFDC80080C748 /* TrackerUITests */ = {
			isa = PBXGroup;
			children = (
				4FDF8E882C304F2E00897652 /* YS Display-Bold.ttf */,
				4FDF8E862C304D2E00897652 /* YS Display-Medium.ttf */,
				4FE37B272C2EFDC80080C748 /* TrackerUITests.swift */,
				4FE37B292C2EFDC80080C748 /* TrackerUITestsLaunchTests.swift */,
			);
			path = TrackerUITests;
			sourceTree = "<group>";
		};
/* End PBXGroup section */

/* Begin PBXNativeTarget section */
		4FE37B022C2EFDC70080C748 /* Tracker */ = {
			isa = PBXNativeTarget;
			buildConfigurationList = 4FE37B2D2C2EFDC80080C748 /* Build configuration list for PBXNativeTarget "Tracker" */;
			buildPhases = (
				4FE37AFF2C2EFDC70080C748 /* Sources */,
				4FE37B002C2EFDC70080C748 /* Frameworks */,
				4FE37B012C2EFDC70080C748 /* Resources */,
			);
			buildRules = (
			);
			dependencies = (
			);
			name = Tracker;
			productName = Tracker;
			productReference = 4FE37B032C2EFDC70080C748 /* Tracker.app */;
			productType = "com.apple.product-type.application";
		};
		4FE37B182C2EFDC80080C748 /* TrackerTests */ = {
			isa = PBXNativeTarget;
			buildConfigurationList = 4FE37B302C2EFDC80080C748 /* Build configuration list for PBXNativeTarget "TrackerTests" */;
			buildPhases = (
				4FE37B152C2EFDC80080C748 /* Sources */,
				4FE37B162C2EFDC80080C748 /* Frameworks */,
				4FE37B172C2EFDC80080C748 /* Resources */,
			);
			buildRules = (
			);
			dependencies = (
				4FE37B1B2C2EFDC80080C748 /* PBXTargetDependency */,
			);
			name = TrackerTests;
			productName = TrackerTests;
			productReference = 4FE37B192C2EFDC80080C748 /* TrackerTests.xctest */;
			productType = "com.apple.product-type.bundle.unit-test";
		};
		4FE37B222C2EFDC80080C748 /* TrackerUITests */ = {
			isa = PBXNativeTarget;
			buildConfigurationList = 4FE37B332C2EFDC80080C748 /* Build configuration list for PBXNativeTarget "TrackerUITests" */;
			buildPhases = (
				4FE37B1F2C2EFDC80080C748 /* Sources */,
				4FE37B202C2EFDC80080C748 /* Frameworks */,
				4FE37B212C2EFDC80080C748 /* Resources */,
			);
			buildRules = (
			);
			dependencies = (
				4FE37B252C2EFDC80080C748 /* PBXTargetDependency */,
			);
			name = TrackerUITests;
			productName = TrackerUITests;
			productReference = 4FE37B232C2EFDC80080C748 /* TrackerUITests.xctest */;
			productType = "com.apple.product-type.bundle.ui-testing";
		};
/* End PBXNativeTarget section */

/* Begin PBXProject section */
		4FE37AFB2C2EFDC70080C748 /* Project object */ = {
			isa = PBXProject;
			attributes = {
				BuildIndependentTargetsInParallel = 1;
				LastSwiftUpdateCheck = 1540;
				LastUpgradeCheck = 1540;
				TargetAttributes = {
					4FE37B022C2EFDC70080C748 = {
						CreatedOnToolsVersion = 15.4;
					};
					4FE37B182C2EFDC80080C748 = {
						CreatedOnToolsVersion = 15.4;
						TestTargetID = 4FE37B022C2EFDC70080C748;
					};
					4FE37B222C2EFDC80080C748 = {
						CreatedOnToolsVersion = 15.4;
						TestTargetID = 4FE37B022C2EFDC70080C748;
					};
				};
			};
			buildConfigurationList = 4FE37AFE2C2EFDC70080C748 /* Build configuration list for PBXProject "Tracker" */;
			compatibilityVersion = "Xcode 14.0";
			developmentRegion = en;
			hasScannedForEncodings = 0;
			knownRegions = (
				en,
				Base,
				ru,
			);
			mainGroup = 4FE37AFA2C2EFDC70080C748;
			productRefGroup = 4FE37B042C2EFDC70080C748 /* Products */;
			projectDirPath = "";
			projectRoot = "";
			targets = (
				4FE37B022C2EFDC70080C748 /* Tracker */,
				4FE37B182C2EFDC80080C748 /* TrackerTests */,
				4FE37B222C2EFDC80080C748 /* TrackerUITests */,
			);
		};
/* End PBXProject section */

/* Begin PBXResourcesBuildPhase section */
		4FE37B012C2EFDC70080C748 /* Resources */ = {
			isa = PBXResourcesBuildPhase;
			buildActionMask = 2147483647;
			files = (
				4F677A5D2C9FEF570089A340 /* Localizable.strings in Resources */,
				4FE37B102C2EFDC80080C748 /* Assets.xcassets in Resources */,
				4FDF8E872C304D2E00897652 /* YS Display-Medium.ttf in Resources */,
				4FE37B132C2EFDC80080C748 /* Base in Resources */,
				4FDF8E892C304F2E00897652 /* YS Display-Bold.ttf in Resources */,
				4F677A642C9FF0DB0089A340 /* Localizable.stringsdict in Resources */,
			);
			runOnlyForDeploymentPostprocessing = 0;
		};
		4FE37B172C2EFDC80080C748 /* Resources */ = {
			isa = PBXResourcesBuildPhase;
			buildActionMask = 2147483647;
			files = (
			);
			runOnlyForDeploymentPostprocessing = 0;
		};
		4FE37B212C2EFDC80080C748 /* Resources */ = {
			isa = PBXResourcesBuildPhase;
			buildActionMask = 2147483647;
			files = (
			);
			runOnlyForDeploymentPostprocessing = 0;
		};
/* End PBXResourcesBuildPhase section */

/* Begin PBXSourcesBuildPhase section */
		4FE37AFF2C2EFDC70080C748 /* Sources */ = {
			isa = PBXSourcesBuildPhase;
			buildActionMask = 2147483647;
			files = (
				4F677A0F2C9AFC330089A340 /* CategoryViewModel.swift in Sources */,
				4F7261562C4804F5004594B6 /* CreateNewTrackerViewController.swift in Sources */,
				4F4D4C0C2C90B0E900FF7A71 /* NewCategoryViewController.swift in Sources */,
				4F7261502C480487004594B6 /* Tracker.swift in Sources */,
				4F677A172C9B0F720089A340 /* CategoryTableViewCell.swift in Sources */,
				4F7647A32C82FDAF00E77313 /* TrackerRecordStore.swift in Sources */,
				4FE37B072C2EFDC70080C748 /* AppDelegate.swift in Sources */,
				4F4D4C162C918C4100FF7A71 /* Week.swift in Sources */,
				4F7261542C4804DE004594B6 /* TrackerCategory.swift in Sources */,
				4F7261602C48059D004594B6 /* TrackerViewController.swift in Sources */,
				4F72615C2C480541004594B6 /* NewHabitViewController.swift in Sources */,
				4F7261522C4804A5004594B6 /* TrackerRecord.swift in Sources */,
				4F677A0B2C9AFB770089A340 /* OnboardingPageViewController.swift in Sources */,
				4F2D89CA2C91B92000E6464B /* Tracker.xcdatamodeld in Sources */,
				4F72616B2C482FA8004594B6 /* TabBarViewController.swift in Sources */,
				4F76479D2C82FD6800E77313 /* UIColorMarshalling.swift in Sources */,
				4F677A0D2C9AFB910089A340 /* OnboardingViewController.swift in Sources */,
				4F72615E2C480559004594B6 /* StatsViewController.swift in Sources */,
				4F72614C2C48040D004594B6 /* ColorCell.swift in Sources */,
				4F677A612C9FF0BB0089A340 /* NSLocalizedString.swift in Sources */,
				4FE37B092C2EFDC70080C748 /* SceneDelegate.swift in Sources */,
				4F7647A12C82FD9A00E77313 /* TrackerCategoryStore.swift in Sources */,
				4F76479F2C82FD7D00E77313 /* TrackerStore.swift in Sources */,
				4F7261642C4805B9004594B6 /* TrackerCollectionViewCell.swift in Sources */,
				4F4D4C0E2C90B0FD00FF7A71 /* CategoryViewController.swift in Sources */,
				4F76479B2C82FD4100E77313 /* DaysValueTransformer.swift in Sources */,
				4F72615A2C480522004594B6 /* ScheduleViewController.swift in Sources */,
				4F7261662C4805CB004594B6 /* TrackersHeaderView.swift in Sources */,
				4F4D4C122C90B1FB00FF7A71 /* WeekDaySender.swift in Sources */,
				4F72614E2C48042F004594B6 /* CreateNewIrregularEventViewController.swift in Sources */,
			);
			runOnlyForDeploymentPostprocessing = 0;
		};
		4FE37B152C2EFDC80080C748 /* Sources */ = {
			isa = PBXSourcesBuildPhase;
			buildActionMask = 2147483647;
			files = (
				4FE37B1E2C2EFDC80080C748 /* TrackerTests.swift in Sources */,
			);
			runOnlyForDeploymentPostprocessing = 0;
		};
		4FE37B1F2C2EFDC80080C748 /* Sources */ = {
			isa = PBXSourcesBuildPhase;
			buildActionMask = 2147483647;
			files = (
				4FE37B282C2EFDC80080C748 /* TrackerUITests.swift in Sources */,
				4FE37B2A2C2EFDC80080C748 /* TrackerUITestsLaunchTests.swift in Sources */,
			);
			runOnlyForDeploymentPostprocessing = 0;
		};
/* End PBXSourcesBuildPhase section */

/* Begin PBXTargetDependency section */
		4FE37B1B2C2EFDC80080C748 /* PBXTargetDependency */ = {
			isa = PBXTargetDependency;
			target = 4FE37B022C2EFDC70080C748 /* Tracker */;
			targetProxy = 4FE37B1A2C2EFDC80080C748 /* PBXContainerItemProxy */;
		};
		4FE37B252C2EFDC80080C748 /* PBXTargetDependency */ = {
			isa = PBXTargetDependency;
			target = 4FE37B022C2EFDC70080C748 /* Tracker */;
			targetProxy = 4FE37B242C2EFDC80080C748 /* PBXContainerItemProxy */;
		};
/* End PBXTargetDependency section */

/* Begin PBXVariantGroup section */
		4F677A5B2C9FEF570089A340 /* Localizable.strings */ = {
			isa = PBXVariantGroup;
			children = (
				4F677A5C2C9FEF570089A340 /* en */,
				4F677A5F2C9FF0230089A340 /* ru */,
			);
			name = Localizable.strings;
			sourceTree = "<group>";
		};
		4F677A622C9FF0DB0089A340 /* Localizable.stringsdict */ = {
			isa = PBXVariantGroup;
			children = (
				4F677A632C9FF0DB0089A340 /* en */,
				4F677A652C9FF0E10089A340 /* ru */,
			);
			name = Localizable.stringsdict;
			sourceTree = "<group>";
		};
		4FE37B112C2EFDC80080C748 /* LaunchScreen.storyboard */ = {
			isa = PBXVariantGroup;
			children = (
				4FE37B122C2EFDC80080C748 /* Base */,
			);
			name = LaunchScreen.storyboard;
			sourceTree = "<group>";
		};
/* End PBXVariantGroup section */

/* Begin XCBuildConfiguration section */
		4FE37B2B2C2EFDC80080C748 /* Debug */ = {
			isa = XCBuildConfiguration;
			buildSettings = {
				ALWAYS_SEARCH_USER_PATHS = NO;
				ASSETCATALOG_COMPILER_GENERATE_SWIFT_ASSET_SYMBOL_EXTENSIONS = YES;
				CLANG_ANALYZER_LOCALIZABILITY_NONLOCALIZED = YES;
				CLANG_ANALYZER_NONNULL = YES;
				CLANG_ANALYZER_NUMBER_OBJECT_CONVERSION = YES_AGGRESSIVE;
				CLANG_CXX_LANGUAGE_STANDARD = "gnu++20";
				CLANG_ENABLE_MODULES = YES;
				CLANG_ENABLE_OBJC_ARC = YES;
				CLANG_ENABLE_OBJC_WEAK = YES;
				CLANG_WARN_BLOCK_CAPTURE_AUTORELEASING = YES;
				CLANG_WARN_BOOL_CONVERSION = YES;
				CLANG_WARN_COMMA = YES;
				CLANG_WARN_CONSTANT_CONVERSION = YES;
				CLANG_WARN_DEPRECATED_OBJC_IMPLEMENTATIONS = YES;
				CLANG_WARN_DIRECT_OBJC_ISA_USAGE = YES_ERROR;
				CLANG_WARN_DOCUMENTATION_COMMENTS = YES;
				CLANG_WARN_EMPTY_BODY = YES;
				CLANG_WARN_ENUM_CONVERSION = YES;
				CLANG_WARN_INFINITE_RECURSION = YES;
				CLANG_WARN_INT_CONVERSION = YES;
				CLANG_WARN_NON_LITERAL_NULL_CONVERSION = YES;
				CLANG_WARN_OBJC_IMPLICIT_RETAIN_SELF = YES;
				CLANG_WARN_OBJC_LITERAL_CONVERSION = YES;
				CLANG_WARN_OBJC_ROOT_CLASS = YES_ERROR;
				CLANG_WARN_QUOTED_INCLUDE_IN_FRAMEWORK_HEADER = YES;
				CLANG_WARN_RANGE_LOOP_ANALYSIS = YES;
				CLANG_WARN_STRICT_PROTOTYPES = YES;
				CLANG_WARN_SUSPICIOUS_MOVE = YES;
				CLANG_WARN_UNGUARDED_AVAILABILITY = YES_AGGRESSIVE;
				CLANG_WARN_UNREACHABLE_CODE = YES;
				CLANG_WARN__DUPLICATE_METHOD_MATCH = YES;
				COPY_PHASE_STRIP = NO;
				DEBUG_INFORMATION_FORMAT = dwarf;
				ENABLE_STRICT_OBJC_MSGSEND = YES;
				ENABLE_TESTABILITY = YES;
				ENABLE_USER_SCRIPT_SANDBOXING = YES;
				GCC_C_LANGUAGE_STANDARD = gnu17;
				GCC_DYNAMIC_NO_PIC = NO;
				GCC_NO_COMMON_BLOCKS = YES;
				GCC_OPTIMIZATION_LEVEL = 0;
				GCC_PREPROCESSOR_DEFINITIONS = (
					"DEBUG=1",
					"$(inherited)",
				);
				GCC_WARN_64_TO_32_BIT_CONVERSION = YES;
				GCC_WARN_ABOUT_RETURN_TYPE = YES_ERROR;
				GCC_WARN_UNDECLARED_SELECTOR = YES;
				GCC_WARN_UNINITIALIZED_AUTOS = YES_AGGRESSIVE;
				GCC_WARN_UNUSED_FUNCTION = YES;
				GCC_WARN_UNUSED_VARIABLE = YES;
				IPHONEOS_DEPLOYMENT_TARGET = 17.5;
				LOCALIZATION_PREFERS_STRING_CATALOGS = YES;
				MTL_ENABLE_DEBUG_INFO = INCLUDE_SOURCE;
				MTL_FAST_MATH = YES;
				ONLY_ACTIVE_ARCH = YES;
				SDKROOT = iphoneos;
				SWIFT_ACTIVE_COMPILATION_CONDITIONS = "DEBUG $(inherited)";
				SWIFT_OPTIMIZATION_LEVEL = "-Onone";
			};
			name = Debug;
		};
		4FE37B2C2C2EFDC80080C748 /* Release */ = {
			isa = XCBuildConfiguration;
			buildSettings = {
				ALWAYS_SEARCH_USER_PATHS = NO;
				ASSETCATALOG_COMPILER_GENERATE_SWIFT_ASSET_SYMBOL_EXTENSIONS = YES;
				CLANG_ANALYZER_LOCALIZABILITY_NONLOCALIZED = YES;
				CLANG_ANALYZER_NONNULL = YES;
				CLANG_ANALYZER_NUMBER_OBJECT_CONVERSION = YES_AGGRESSIVE;
				CLANG_CXX_LANGUAGE_STANDARD = "gnu++20";
				CLANG_ENABLE_MODULES = YES;
				CLANG_ENABLE_OBJC_ARC = YES;
				CLANG_ENABLE_OBJC_WEAK = YES;
				CLANG_WARN_BLOCK_CAPTURE_AUTORELEASING = YES;
				CLANG_WARN_BOOL_CONVERSION = YES;
				CLANG_WARN_COMMA = YES;
				CLANG_WARN_CONSTANT_CONVERSION = YES;
				CLANG_WARN_DEPRECATED_OBJC_IMPLEMENTATIONS = YES;
				CLANG_WARN_DIRECT_OBJC_ISA_USAGE = YES_ERROR;
				CLANG_WARN_DOCUMENTATION_COMMENTS = YES;
				CLANG_WARN_EMPTY_BODY = YES;
				CLANG_WARN_ENUM_CONVERSION = YES;
				CLANG_WARN_INFINITE_RECURSION = YES;
				CLANG_WARN_INT_CONVERSION = YES;
				CLANG_WARN_NON_LITERAL_NULL_CONVERSION = YES;
				CLANG_WARN_OBJC_IMPLICIT_RETAIN_SELF = YES;
				CLANG_WARN_OBJC_LITERAL_CONVERSION = YES;
				CLANG_WARN_OBJC_ROOT_CLASS = YES_ERROR;
				CLANG_WARN_QUOTED_INCLUDE_IN_FRAMEWORK_HEADER = YES;
				CLANG_WARN_RANGE_LOOP_ANALYSIS = YES;
				CLANG_WARN_STRICT_PROTOTYPES = YES;
				CLANG_WARN_SUSPICIOUS_MOVE = YES;
				CLANG_WARN_UNGUARDED_AVAILABILITY = YES_AGGRESSIVE;
				CLANG_WARN_UNREACHABLE_CODE = YES;
				CLANG_WARN__DUPLICATE_METHOD_MATCH = YES;
				COPY_PHASE_STRIP = NO;
				DEBUG_INFORMATION_FORMAT = "dwarf-with-dsym";
				ENABLE_NS_ASSERTIONS = NO;
				ENABLE_STRICT_OBJC_MSGSEND = YES;
				ENABLE_USER_SCRIPT_SANDBOXING = YES;
				GCC_C_LANGUAGE_STANDARD = gnu17;
				GCC_NO_COMMON_BLOCKS = YES;
				GCC_WARN_64_TO_32_BIT_CONVERSION = YES;
				GCC_WARN_ABOUT_RETURN_TYPE = YES_ERROR;
				GCC_WARN_UNDECLARED_SELECTOR = YES;
				GCC_WARN_UNINITIALIZED_AUTOS = YES_AGGRESSIVE;
				GCC_WARN_UNUSED_FUNCTION = YES;
				GCC_WARN_UNUSED_VARIABLE = YES;
				IPHONEOS_DEPLOYMENT_TARGET = 17.5;
				LOCALIZATION_PREFERS_STRING_CATALOGS = YES;
				MTL_ENABLE_DEBUG_INFO = NO;
				MTL_FAST_MATH = YES;
				SDKROOT = iphoneos;
				SWIFT_COMPILATION_MODE = wholemodule;
				VALIDATE_PRODUCT = YES;
			};
			name = Release;
		};
		4FE37B2E2C2EFDC80080C748 /* Debug */ = {
			isa = XCBuildConfiguration;
			buildSettings = {
				ASSETCATALOG_COMPILER_APPICON_NAME = AppIcon;
				ASSETCATALOG_COMPILER_GLOBAL_ACCENT_COLOR_NAME = AccentColor;
				CODE_SIGN_STYLE = Automatic;
				CURRENT_PROJECT_VERSION = 1;
				DEVELOPMENT_TEAM = 6D5U6N6YZA;
				GENERATE_INFOPLIST_FILE = YES;
				INFOPLIST_FILE = Tracker/Info.plist;
				INFOPLIST_KEY_UIApplicationSupportsIndirectInputEvents = YES;
				INFOPLIST_KEY_UILaunchStoryboardName = LaunchScreen;
				INFOPLIST_KEY_UISupportedInterfaceOrientations = UIInterfaceOrientationPortrait;
				INFOPLIST_KEY_UISupportedInterfaceOrientations_iPad = "UIInterfaceOrientationLandscapeLeft UIInterfaceOrientationLandscapeRight UIInterfaceOrientationPortrait UIInterfaceOrientationPortraitUpsideDown";
				IPHONEOS_DEPLOYMENT_TARGET = 13.4;
				LD_RUNPATH_SEARCH_PATHS = (
					"$(inherited)",
					"@executable_path/Frameworks",
				);
				MARKETING_VERSION = 1.0;
				PRODUCT_BUNDLE_IDENTIFIER = ru.praktikum.Tracker;
				PRODUCT_NAME = "$(TARGET_NAME)";
				SUPPORTED_PLATFORMS = "iphoneos iphonesimulator";
				SUPPORTS_MACCATALYST = NO;
				SUPPORTS_MAC_DESIGNED_FOR_IPHONE_IPAD = NO;
				SUPPORTS_XR_DESIGNED_FOR_IPHONE_IPAD = NO;
				SWIFT_EMIT_LOC_STRINGS = YES;
				SWIFT_VERSION = 5.0;
				TARGETED_DEVICE_FAMILY = 1;
			};
			name = Debug;
		};
		4FE37B2F2C2EFDC80080C748 /* Release */ = {
			isa = XCBuildConfiguration;
			buildSettings = {
				ASSETCATALOG_COMPILER_APPICON_NAME = AppIcon;
				ASSETCATALOG_COMPILER_GLOBAL_ACCENT_COLOR_NAME = AccentColor;
				CODE_SIGN_STYLE = Automatic;
				CURRENT_PROJECT_VERSION = 1;
				DEVELOPMENT_TEAM = 6D5U6N6YZA;
				GENERATE_INFOPLIST_FILE = YES;
				INFOPLIST_FILE = Tracker/Info.plist;
				INFOPLIST_KEY_UIApplicationSupportsIndirectInputEvents = YES;
				INFOPLIST_KEY_UILaunchStoryboardName = LaunchScreen;
				INFOPLIST_KEY_UISupportedInterfaceOrientations = UIInterfaceOrientationPortrait;
				INFOPLIST_KEY_UISupportedInterfaceOrientations_iPad = "UIInterfaceOrientationLandscapeLeft UIInterfaceOrientationLandscapeRight UIInterfaceOrientationPortrait UIInterfaceOrientationPortraitUpsideDown";
				IPHONEOS_DEPLOYMENT_TARGET = 13.4;
				LD_RUNPATH_SEARCH_PATHS = (
					"$(inherited)",
					"@executable_path/Frameworks",
				);
				MARKETING_VERSION = 1.0;
				PRODUCT_BUNDLE_IDENTIFIER = ru.praktikum.Tracker;
				PRODUCT_NAME = "$(TARGET_NAME)";
				SUPPORTED_PLATFORMS = "iphoneos iphonesimulator";
				SUPPORTS_MACCATALYST = NO;
				SUPPORTS_MAC_DESIGNED_FOR_IPHONE_IPAD = NO;
				SUPPORTS_XR_DESIGNED_FOR_IPHONE_IPAD = NO;
				SWIFT_EMIT_LOC_STRINGS = YES;
				SWIFT_VERSION = 5.0;
				TARGETED_DEVICE_FAMILY = 1;
			};
			name = Release;
		};
		4FE37B312C2EFDC80080C748 /* Debug */ = {
			isa = XCBuildConfiguration;
			buildSettings = {
				ALWAYS_EMBED_SWIFT_STANDARD_LIBRARIES = YES;
				BUNDLE_LOADER = "$(TEST_HOST)";
				CODE_SIGN_STYLE = Automatic;
				CURRENT_PROJECT_VERSION = 1;
				DEVELOPMENT_TEAM = 6D5U6N6YZA;
				GENERATE_INFOPLIST_FILE = YES;
				IPHONEOS_DEPLOYMENT_TARGET = 17.5;
				MARKETING_VERSION = 1.0;
				PRODUCT_BUNDLE_IDENTIFIER = ru.praktikum.Tracker.TrackerTests;
				PRODUCT_NAME = "$(TARGET_NAME)";
				SWIFT_EMIT_LOC_STRINGS = NO;
				SWIFT_VERSION = 5.0;
				TARGETED_DEVICE_FAMILY = "1,2";
				TEST_HOST = "$(BUILT_PRODUCTS_DIR)/Tracker.app/$(BUNDLE_EXECUTABLE_FOLDER_PATH)/Tracker";
			};
			name = Debug;
		};
		4FE37B322C2EFDC80080C748 /* Release */ = {
			isa = XCBuildConfiguration;
			buildSettings = {
				ALWAYS_EMBED_SWIFT_STANDARD_LIBRARIES = YES;
				BUNDLE_LOADER = "$(TEST_HOST)";
				CODE_SIGN_STYLE = Automatic;
				CURRENT_PROJECT_VERSION = 1;
				DEVELOPMENT_TEAM = 6D5U6N6YZA;
				GENERATE_INFOPLIST_FILE = YES;
				IPHONEOS_DEPLOYMENT_TARGET = 17.5;
				MARKETING_VERSION = 1.0;
				PRODUCT_BUNDLE_IDENTIFIER = ru.praktikum.Tracker.TrackerTests;
				PRODUCT_NAME = "$(TARGET_NAME)";
				SWIFT_EMIT_LOC_STRINGS = NO;
				SWIFT_VERSION = 5.0;
				TARGETED_DEVICE_FAMILY = "1,2";
				TEST_HOST = "$(BUILT_PRODUCTS_DIR)/Tracker.app/$(BUNDLE_EXECUTABLE_FOLDER_PATH)/Tracker";
			};
			name = Release;
		};
		4FE37B342C2EFDC80080C748 /* Debug */ = {
			isa = XCBuildConfiguration;
			buildSettings = {
				ALWAYS_EMBED_SWIFT_STANDARD_LIBRARIES = YES;
				CODE_SIGN_STYLE = Automatic;
				CURRENT_PROJECT_VERSION = 1;
				DEVELOPMENT_TEAM = 6D5U6N6YZA;
				GENERATE_INFOPLIST_FILE = YES;
				MARKETING_VERSION = 1.0;
				PRODUCT_BUNDLE_IDENTIFIER = ru.praktikum.Tracker.TrackerUITests;
				PRODUCT_NAME = "$(TARGET_NAME)";
				SWIFT_EMIT_LOC_STRINGS = NO;
				SWIFT_VERSION = 5.0;
				TARGETED_DEVICE_FAMILY = "1,2";
				TEST_TARGET_NAME = Tracker;
			};
			name = Debug;
		};
		4FE37B352C2EFDC80080C748 /* Release */ = {
			isa = XCBuildConfiguration;
			buildSettings = {
				ALWAYS_EMBED_SWIFT_STANDARD_LIBRARIES = YES;
				CODE_SIGN_STYLE = Automatic;
				CURRENT_PROJECT_VERSION = 1;
				DEVELOPMENT_TEAM = 6D5U6N6YZA;
				GENERATE_INFOPLIST_FILE = YES;
				MARKETING_VERSION = 1.0;
				PRODUCT_BUNDLE_IDENTIFIER = ru.praktikum.Tracker.TrackerUITests;
				PRODUCT_NAME = "$(TARGET_NAME)";
				SWIFT_EMIT_LOC_STRINGS = NO;
				SWIFT_VERSION = 5.0;
				TARGETED_DEVICE_FAMILY = "1,2";
				TEST_TARGET_NAME = Tracker;
			};
			name = Release;
		};
/* End XCBuildConfiguration section */

/* Begin XCConfigurationList section */
		4FE37AFE2C2EFDC70080C748 /* Build configuration list for PBXProject "Tracker" */ = {
			isa = XCConfigurationList;
			buildConfigurations = (
				4FE37B2B2C2EFDC80080C748 /* Debug */,
				4FE37B2C2C2EFDC80080C748 /* Release */,
			);
			defaultConfigurationIsVisible = 0;
			defaultConfigurationName = Release;
		};
		4FE37B2D2C2EFDC80080C748 /* Build configuration list for PBXNativeTarget "Tracker" */ = {
			isa = XCConfigurationList;
			buildConfigurations = (
				4FE37B2E2C2EFDC80080C748 /* Debug */,
				4FE37B2F2C2EFDC80080C748 /* Release */,
			);
			defaultConfigurationIsVisible = 0;
			defaultConfigurationName = Release;
		};
		4FE37B302C2EFDC80080C748 /* Build configuration list for PBXNativeTarget "TrackerTests" */ = {
			isa = XCConfigurationList;
			buildConfigurations = (
				4FE37B312C2EFDC80080C748 /* Debug */,
				4FE37B322C2EFDC80080C748 /* Release */,
			);
			defaultConfigurationIsVisible = 0;
			defaultConfigurationName = Release;
		};
		4FE37B332C2EFDC80080C748 /* Build configuration list for PBXNativeTarget "TrackerUITests" */ = {
			isa = XCConfigurationList;
			buildConfigurations = (
				4FE37B342C2EFDC80080C748 /* Debug */,
				4FE37B352C2EFDC80080C748 /* Release */,
			);
			defaultConfigurationIsVisible = 0;
			defaultConfigurationName = Release;
		};
/* End XCConfigurationList section */

/* Begin XCVersionGroup section */
		4F2D89C82C91B92000E6464B /* Tracker.xcdatamodeld */ = {
			isa = XCVersionGroup;
			children = (
				4F2D89C92C91B92000E6464B /* Model.xcdatamodel */,
			);
			currentVersion = 4F2D89C92C91B92000E6464B /* Model.xcdatamodel */;
			path = Tracker.xcdatamodeld;
			sourceTree = "<group>";
			versionGroupType = wrapper.xcdatamodel;
		};
/* End XCVersionGroup section */
	};
	rootObject = 4FE37AFB2C2EFDC70080C748 /* Project object */;
}
